
Microsoft Visual Studio Solution File, Format Version 12.00
# Visual Studio 2015
Project("{FAE04EC0-301F-11D3-BF4B-00C04F79EFBC}") = "GOF.Plugins", "GOF.Plugins.csproj", "{057064CF-071A-42B3-008F-2B1D2AF46A7A}"
EndProject
Project("{FAE04EC0-301F-11D3-BF4B-00C04F79EFBC}") = "GOF", "GOF.csproj", "{4272E05D-04B1-F9C6-86BD-F92482AEE7FB}"
EndProject
Project("{FAE04EC0-301F-11D3-BF4B-00C04F79EFBC}") = "GOF.Editor.Plugins", "GOF.Editor.Plugins.csproj", "{63D955DD-A325-14E9-E97E-0653DD16ADAF}"
EndProject
Project("{FAE04EC0-301F-11D3-BF4B-00C04F79EFBC}") = "GOF.Editor", "GOF.Editor.csproj", "{CDD9EC96-3994-809F-F97C-48D482F6A535}"
EndProject
Global
	GlobalSection(SolutionConfigurationPlatforms) = preSolution
		Debug|Any CPU = Debug|Any CPU
		Release|Any CPU = Release|Any CPU
	EndGlobalSection
	GlobalSection(ProjectConfigurationPlatforms) = postSolution
		{057064CF-071A-42B3-008F-2B1D2AF46A7A}.Debug|Any CPU.ActiveCfg = Debug|Any CPU
		{057064CF-071A-42B3-008F-2B1D2AF46A7A}.Debug|Any CPU.Build.0 = Debug|Any CPU
		{057064CF-071A-42B3-008F-2B1D2AF46A7A}.Release|Any CPU.ActiveCfg = Release|Any CPU
		{057064CF-071A-42B3-008F-2B1D2AF46A7A}.Release|Any CPU.Build.0 = Release|Any CPU
		{4272E05D-04B1-F9C6-86BD-F92482AEE7FB}.Debug|Any CPU.ActiveCfg = Debug|Any CPU
		{4272E05D-04B1-F9C6-86BD-F92482AEE7FB}.Debug|Any CPU.Build.0 = Debug|Any CPU
		{4272E05D-04B1-F9C6-86BD-F92482AEE7FB}.Release|Any CPU.ActiveCfg = Release|Any CPU
		{4272E05D-04B1-F9C6-86BD-F92482AEE7FB}.Release|Any CPU.Build.0 = Release|Any CPU
		{63D955DD-A325-14E9-E97E-0653DD16ADAF}.Debug|Any CPU.ActiveCfg = Debug|Any CPU
		{63D955DD-A325-14E9-E97E-0653DD16ADAF}.Debug|Any CPU.Build.0 = Debug|Any CPU
		{63D955DD-A325-14E9-E97E-0653DD16ADAF}.Release|Any CPU.ActiveCfg = Release|Any CPU
		{63D955DD-A325-14E9-E97E-0653DD16ADAF}.Release|Any CPU.Build.0 = Release|Any CPU
		{CDD9EC96-3994-809F-F97C-48D482F6A535}.Debug|Any CPU.ActiveCfg = Debug|Any CPU
		{CDD9EC96-3994-809F-F97C-48D482F6A535}.Debug|Any CPU.Build.0 = Debug|Any CPU
		{CDD9EC96-3994-809F-F97C-48D482F6A535}.Release|Any CPU.ActiveCfg = Release|Any CPU
		{CDD9EC96-3994-809F-F97C-48D482F6A535}.Release|Any CPU.Build.0 = Release|Any CPU
	EndGlobalSection
	GlobalSection(SolutionProperties) = preSolution
		HideSolutionNode = FALSE
	EndGlobalSection
EndGlobal
